
Microsoft Visual Studio Solution File, Format Version 12.00
# Visual Studio Version 16
VisualStudioVersion = 16.0.31321.278
MinimumVisualStudioVersion = 10.0.40219.1
Project("{9A19103F-16F7-4668-BE54-9A1E7A4F7556}") = "EmployeesApp", "EmployeesApp\EmployeesApp.csproj", "{C0586DE0-4218-4CFB-BADA-80CCF75EDC88}"
EndProject
Project("{9A19103F-16F7-4668-BE54-9A1E7A4F7556}") = "EmployeeApp.Data", "EmployeeApp.Data\EmployeeApp.Data.csproj", "{FC72C2BA-EFCF-443C-A729-938BFBE21ECC}"
EndProject
Project("{9A19103F-16F7-4668-BE54-9A1E7A4F7556}") = "EmployeeApp.Services", "EmployeeApp.Services\EmployeeApp.Services.csproj", "{1E2B5674-0780-4002-9CA5-AA0934636B5F}"
EndProject
Project("{FAE04EC0-301F-11D3-BF4B-00C04F79EFBC}") = "EmployeeApp.Tests", "EmployeeApp.Tests\EmployeeApp.Tests.csproj", "{99F2DC92-897E-4B00-A66F-4DD5C331801D}"
EndProject
Global
	GlobalSection(SolutionConfigurationPlatforms) = preSolution
		Debug|Any CPU = Debug|Any CPU
		Release|Any CPU = Release|Any CPU
	EndGlobalSection
	GlobalSection(ProjectConfigurationPlatforms) = postSolution
		{C0586DE0-4218-4CFB-BADA-80CCF75EDC88}.Debug|Any CPU.ActiveCfg = Debug|Any CPU
		{C0586DE0-4218-4CFB-BADA-80CCF75EDC88}.Debug|Any CPU.Build.0 = Debug|Any CPU
		{C0586DE0-4218-4CFB-BADA-80CCF75EDC88}.Release|Any CPU.ActiveCfg = Release|Any CPU
		{C0586DE0-4218-4CFB-BADA-80CCF75EDC88}.Release|Any CPU.Build.0 = Release|Any CPU
		{FC72C2BA-EFCF-443C-A729-938BFBE21ECC}.Debug|Any CPU.ActiveCfg = Debug|Any CPU
		{FC72C2BA-EFCF-443C-A729-938BFBE21ECC}.Debug|Any CPU.Build.0 = Debug|Any CPU
		{FC72C2BA-EFCF-443C-A729-938BFBE21ECC}.Release|Any CPU.ActiveCfg = Release|Any CPU
		{FC72C2BA-EFCF-443C-A729-938BFBE21ECC}.Release|Any CPU.Build.0 = Release|Any CPU
		{1E2B5674-0780-4002-9CA5-AA0934636B5F}.Debug|Any CPU.ActiveCfg = Debug|Any CPU
		{1E2B5674-0780-4002-9CA5-AA0934636B5F}.Debug|Any CPU.Build.0 = Debug|Any CPU
		{1E2B5674-0780-4002-9CA5-AA0934636B5F}.Release|Any CPU.ActiveCfg = Release|Any CPU
		{1E2B5674-0780-4002-9CA5-AA0934636B5F}.Release|Any CPU.Build.0 = Release|Any CPU
		{99F2DC92-897E-4B00-A66F-4DD5C331801D}.Debug|Any CPU.ActiveCfg = Debug|Any CPU
		{99F2DC92-897E-4B00-A66F-4DD5C331801D}.Debug|Any CPU.Build.0 = Debug|Any CPU
		{99F2DC92-897E-4B00-A66F-4DD5C331801D}.Release|Any CPU.ActiveCfg = Release|Any CPU
		{99F2DC92-897E-4B00-A66F-4DD5C331801D}.Release|Any CPU.Build.0 = Release|Any CPU
	EndGlobalSection
	GlobalSection(SolutionProperties) = preSolution
		HideSolutionNode = FALSE
	EndGlobalSection
	GlobalSection(ExtensibilityGlobals) = postSolution
		SolutionGuid = {54719814-6022-49B9-AE8E-26E2DCC2CEA5}
	EndGlobalSection
EndGlobal
